
Microsoft Visual Studio Solution File, Format Version 12.00
# Visual Studio Version 17
VisualStudioVersion = 17.5.002.0
MinimumVisualStudioVersion = 10.0.40219.1
Project("{9A19103F-16F7-4668-BE54-9A1E7A4F7556}") = "tl1-proyectofinal2024-Isas321", "tl1-proyectofinal2024-Isas321.csproj", "{7AF0383F-AB3B-42EB-9C4E-668B92105C88}"
EndProject
Global
	GlobalSection(SolutionConfigurationPlatforms) = preSolution
		Debug|Any CPU = Debug|Any CPU
		Release|Any CPU = Release|Any CPU
	EndGlobalSection
	GlobalSection(ProjectConfigurationPlatforms) = postSolution
		{7AF0383F-AB3B-42EB-9C4E-668B92105C88}.Debug|Any CPU.ActiveCfg = Debug|Any CPU
		{7AF0383F-AB3B-42EB-9C4E-668B92105C88}.Debug|Any CPU.Build.0 = Debug|Any CPU
		{7AF0383F-AB3B-42EB-9C4E-668B92105C88}.Release|Any CPU.ActiveCfg = Release|Any CPU
		{7AF0383F-AB3B-42EB-9C4E-668B92105C88}.Release|Any CPU.Build.0 = Release|Any CPU
	EndGlobalSection
	GlobalSection(SolutionProperties) = preSolution
		HideSolutionNode = FALSE
	EndGlobalSection
	GlobalSection(ExtensibilityGlobals) = postSolution
		SolutionGuid = {6F05595C-69B0-467E-8811-031080E5559D}
	EndGlobalSection
EndGlobal
